
Microsoft Visual Studio Solution File, Format Version 12.00
# Visual Studio Version 16
VisualStudioVersion = 16.0.31613.86
MinimumVisualStudioVersion = 10.0.40219.1
Project("{8BC9CEB8-8B4A-11D0-8D11-00A0C91BC942}") = "data structure Project3", "data structure Project3\data structure Project3.vcxproj", "{66DA168A-1E5D-4C68-9C2C-1AECFA1FA805}"
EndProject
Global
	GlobalSection(SolutionConfigurationPlatforms) = preSolution
		Debug|x64 = Debug|x64
		Debug|x86 = Debug|x86
		Release|x64 = Release|x64
		Release|x86 = Release|x86
	EndGlobalSection
	GlobalSection(ProjectConfigurationPlatforms) = postSolution
		{66DA168A-1E5D-4C68-9C2C-1AECFA1FA805}.Debug|x64.ActiveCfg = Debug|x64
		{66DA168A-1E5D-4C68-9C2C-1AECFA1FA805}.Debug|x64.Build.0 = Debug|x64
		{66DA168A-1E5D-4C68-9C2C-1AECFA1FA805}.Debug|x86.ActiveCfg = Debug|Win32
		{66DA168A-1E5D-4C68-9C2C-1AECFA1FA805}.Debug|x86.Build.0 = Debug|Win32
		{66DA168A-1E5D-4C68-9C2C-1AECFA1FA805}.Release|x64.ActiveCfg = Release|x64
		{66DA168A-1E5D-4C68-9C2C-1AECFA1FA805}.Release|x64.Build.0 = Release|x64
		{66DA168A-1E5D-4C68-9C2C-1AECFA1FA805}.Release|x86.ActiveCfg = Release|Win32
		{66DA168A-1E5D-4C68-9C2C-1AECFA1FA805}.Release|x86.Build.0 = Release|Win32
	EndGlobalSection
	GlobalSection(SolutionProperties) = preSolution
		HideSolutionNode = FALSE
	EndGlobalSection
	GlobalSection(ExtensibilityGlobals) = postSolution
		SolutionGuid = {F8BC552D-3C98-4890-9832-56A08C54D4AB}
	EndGlobalSection
EndGlobal
